Microsoft Visual Studio Solution File, Format Version 12.00
# Visual Studio Version 17
VisualStudioVersion = 17.5.2.0
MinimumVisualStudioVersion = 10.0.40219.1
Project("{FAE04EC0-301F-11D3-BF4B-00C04F79EFBC}") = "MauiDotnet", "MauiDotnet.csproj", "{612110AE-74F0-7E6B-FA41-E017BD80AAF7}"
EndProject
Global
	GlobalSection(SolutionConfigurationPlatforms) = preSolution
		Debug|Any CPU = Debug|Any CPU
		Release|Any CPU = Release|Any CPU
	EndGlobalSection
	GlobalSection(ProjectConfigurationPlatforms) = postSolution
		{612110AE-74F0-7E6B-FA41-E017BD80AAF7}.Debug|Any CPU.ActiveCfg = Debug|Any CPU
		{612110AE-74F0-7E6B-FA41-E017BD80AAF7}.Debug|Any CPU.Build.0 = Debug|Any CPU
		{612110AE-74F0-7E6B-FA41-E017BD80AAF7}.Release|Any CPU.ActiveCfg = Release|Any CPU
		{612110AE-74F0-7E6B-FA41-E017BD80AAF7}.Release|Any CPU.Build.0 = Release|Any CPU
	EndGlobalSection
	GlobalSection(SolutionProperties) = preSolution
		HideSolutionNode = FALSE
	EndGlobalSection
	GlobalSection(ExtensibilityGlobals) = postSolution
		SolutionGuid = {EC154A27-1D2C-466D-97A8-E836253D4A5D}
	EndGlobalSection
EndGlobal
